// !$*UTF8*$!
{
	archiveVersion = 1;
	classes = {
	};
	objectVersion = 46;
	objects = {

/* Begin PBXBuildFile section */
		4826B6461F386D3C00DC0AB4 /* main.m in Sources */ = {isa = PBXBuildFile; fileRef = 4826B6451F386D3C00DC0AB4 /* main.m */; };
		4826B6491F386D3C00DC0AB4 /* AppDelegate.m in Sources */ = {isa = PBXBuildFile; fileRef = 4826B6481F386D3C00DC0AB4 /* AppDelegate.m */; };
		4826B64C1F386D3C00DC0AB4 /* ViewController.m in Sources */ = {isa = PBXBuildFile; fileRef = 4826B64B1F386D3C00DC0AB4 /* ViewController.m */; };
		4826B64F1F386D3C00DC0AB4 /* Main.storyboard in Resources */ = {isa = PBXBuildFile; fileRef = 4826B64D1F386D3C00DC0AB4 /* Main.storyboard */; };
		4826B6511F386D3C00DC0AB4 /* Assets.xcassets in Resources */ = {isa = PBXBuildFile; fileRef = 4826B6501F386D3C00DC0AB4 /* Assets.xcassets */; };
		4826B6541F386D3C00DC0AB4 /* LaunchScreen.storyboard in Resources */ = {isa = PBXBuildFile; fileRef = 4826B6521F386D3C00DC0AB4 /* LaunchScreen.storyboard */; };
		48291C231F4C1EAB000F216F /* SFYJTagsView.m in Sources */ = {isa = PBXBuildFile; fileRef = 48291C221F4C1EAB000F216F /* SFYJTagsView.m */; };
		48291C271F4C26A2000F216F /* UICollectionViewLeftAlignedLayout.m in Sources */ = {isa = PBXBuildFile; fileRef = 48291C261F4C26A2000F216F /* UICollectionViewLeftAlignedLayout.m */; };
		48291C2D1F4C3C06000F216F /* SFYJViewCell.m in Sources */ = {isa = PBXBuildFile; fileRef = 48291C2C1F4C3C06000F216F /* SFYJViewCell.m */; };
		B08791771F5E519400FFD920 /* guanbi@2x.png in Resources */ = {isa = PBXBuildFile; fileRef = B08791751F5E519400FFD920 /* guanbi@2x.png */; };
		B08791781F5E519400FFD920 /* guanbi@3x.png in Resources */ = {isa = PBXBuildFile; fileRef = B08791761F5E519400FFD920 /* guanbi@3x.png */; };
/* End PBXBuildFile section */

/* Begin PBXFileReference section */
		4826B6411F386D3C00DC0AB4 /* CollegeTexues.app */ = {isa = PBXFileReference; explicitFileType = wrapper.application; includeInIndex = 0; path = CollegeTexues.app; sourceTree = BUILT_PRODUCTS_DIR; };
		4826B6451F386D3C00DC0AB4 /* main.m */ = {isa = PBXFileReference; lastKnownFileType = sourcecode.c.objc; path = main.m; sourceTree = "<group>"; };
		4826B6471F386D3C00DC0AB4 /* AppDelegate.h */ = {isa = PBXFileReference; lastKnownFileType = sourcecode.c.h; path = AppDelegate.h; sourceTree = "<group>"; };
		4826B6481F386D3C00DC0AB4 /* AppDelegate.m */ = {isa = PBXFileReference; lastKnownFileType = sourcecode.c.objc; path = AppDelegate.m; sourceTree = "<group>"; };
		4826B64A1F386D3C00DC0AB4 /* ViewController.h */ = {isa = PBXFileReference; lastKnownFileType = sourcecode.c.h; path = ViewController.h; sourceTree = "<group>"; };
		4826B64B1F386D3C00DC0AB4 /* ViewController.m */ = {isa = PBXFileReference; lastKnownFileType = sourcecode.c.objc; path = ViewController.m; sourceTree = "<group>"; };
		4826B64E1F386D3C00DC0AB4 /* Base */ = {isa = PBXFileReference; lastKnownFileType = file.storyboard; name = Base; path = Base.lproj/Main.storyboard; sourceTree = "<group>"; };
		4826B6501F386D3C00DC0AB4 /* Assets.xcassets */ = {isa = PBXFileReference; lastKnownFileType = folder.assetcatalog; path = Assets.xcassets; sourceTree = "<group>"; };
		4826B6531F386D3C00DC0AB4 /* Base */ = {isa = PBXFileReference; lastKnownFileType = file.storyboard; name = Base; path = Base.lproj/LaunchScreen.storyboard; sourceTree = "<group>"; };
		4826B6551F386D3C00DC0AB4 /* Info.plist */ = {isa = PBXFileReference; lastKnownFileType = text.plist.xml; path = Info.plist; sourceTree = "<group>"; };
		48291C211F4C1EAB000F216F /* SFYJTagsView.h */ = {isa = PBXFileReference; fileEncoding = 4; lastKnownFileType = sourcecode.c.h; path = SFYJTagsView.h; sourceTree = "<group>"; };
		48291C221F4C1EAB000F216F /* SFYJTagsView.m */ = {isa = PBXFileReference; fileEncoding = 4; lastKnownFileType = sourcecode.c.objc; path = SFYJTagsView.m; sourceTree = "<group>"; };
		48291C251F4C26A2000F216F /* UICollectionViewLeftAlignedLayout.h */ = {isa = PBXFileReference; fileEncoding = 4; lastKnownFileType = sourcecode.c.h; path = UICollectionViewLeftAlignedLayout.h; sourceTree = "<group>"; };
		48291C261F4C26A2000F216F /* UICollectionViewLeftAlignedLayout.m */ = {isa = PBXFileReference; fileEncoding = 4; lastKnownFileType = sourcecode.c.objc; path = UICollectionViewLeftAlignedLayout.m; sourceTree = "<group>"; };
		48291C2B1F4C3C06000F216F /* SFYJViewCell.h */ = {isa = PBXFileReference; fileEncoding = 4; lastKnownFileType = sourcecode.c.h; path = SFYJViewCell.h; sourceTree = "<group>"; };
		48291C2C1F4C3C06000F216F /* SFYJViewCell.m */ = {isa = PBXFileReference; fileEncoding = 4; lastKnownFileType = sourcecode.c.objc; path = SFYJViewCell.m; sourceTree = "<group>"; };
		B08791751F5E519400FFD920 /* guanbi@2x.png */ = {isa = PBXFileReference; lastKnownFileType = image.png; path = "guanbi@2x.png"; sourceTree = "<group>"; };
		B08791761F5E519400FFD920 /* guanbi@3x.png */ = {isa = PBXFileReference; lastKnownFileType = image.png; path = "guanbi@3x.png"; sourceTree = "<group>"; };
/* End PBXFileReference section */

/* Begin PBXFrameworksBuildPhase section */
		4826B63E1F386D3C00DC0AB4 /* Frameworks */ = {
			isa = PBXFrameworksBuildPhase;
			buildActionMask = 2147483647;
			files = (
			);
			runOnlyForDeploymentPostprocessing = 0;
		};
/* End PBXFrameworksBuildPhase section */

/* Begin PBXGroup section */
		4826B6381F386D3C00DC0AB4 = {
			isa = PBXGroup;
			children = (
				4826B6431F386D3C00DC0AB4 /* CollegeTexues */,
				4826B6421F386D3C00DC0AB4 /* Products */,
			);
			sourceTree = "<group>";
		};
		4826B6421F386D3C00DC0AB4 /* Products */ = {
			isa = PBXGroup;
			children = (
				4826B6411F386D3C00DC0AB4 /* CollegeTexues.app */,
			);
			name = Products;
			sourceTree = "<group>";
		};
		4826B6431F386D3C00DC0AB4 /* CollegeTexues */ = {
			isa = PBXGroup;
			children = (
				48291C241F4C26A2000F216F /* UICollectionViewLeftAlignedLayout */,
				4826B6471F386D3C00DC0AB4 /* AppDelegate.h */,
				4826B6481F386D3C00DC0AB4 /* AppDelegate.m */,
				4826B64A1F386D3C00DC0AB4 /* ViewController.h */,
				4826B64B1F386D3C00DC0AB4 /* ViewController.m */,
				48291C211F4C1EAB000F216F /* SFYJTagsView.h */,
				48291C221F4C1EAB000F216F /* SFYJTagsView.m */,
				48291C2B1F4C3C06000F216F /* SFYJViewCell.h */,
				48291C2C1F4C3C06000F216F /* SFYJViewCell.m */,
				B08791751F5E519400FFD920 /* guanbi@2x.png */,
				B08791761F5E519400FFD920 /* guanbi@3x.png */,
				4826B64D1F386D3C00DC0AB4 /* Main.storyboard */,
				4826B6501F386D3C00DC0AB4 /* Assets.xcassets */,
				4826B6521F386D3C00DC0AB4 /* LaunchScreen.storyboard */,
				4826B6551F386D3C00DC0AB4 /* Info.plist */,
				4826B6441F386D3C00DC0AB4 /* Supporting Files */,
			);
			path = CollegeTexues;
			sourceTree = "<group>";
		};
		4826B6441F386D3C00DC0AB4 /* Supporting Files */ = {
			isa = PBXGroup;
			children = (
				4826B6451F386D3C00DC0AB4 /* main.m */,
			);
			name = "Supporting Files";
			sourceTree = "<group>";
		};
		48291C241F4C26A2000F216F /* UICollectionViewLeftAlignedLayout */ = {
			isa = PBXGroup;
			children = (
				48291C251F4C26A2000F216F /* UICollectionViewLeftAlignedLayout.h */,
				48291C261F4C26A2000F216F /* UICollectionViewLeftAlignedLayout.m */,
			);
			path = UICollectionViewLeftAlignedLayout;
			sourceTree = "<group>";
		};
/* End PBXGroup section */

/* Begin PBXNativeTarget section */
		4826B6401F386D3C00DC0AB4 /* CollegeTexues */ = {
			isa = PBXNativeTarget;
			buildConfigurationList = 4826B6581F386D3C00DC0AB4 /* Build configuration list for PBXNativeTarget "CollegeTexues" */;
			buildPhases = (
				4826B63D1F386D3C00DC0AB4 /* Sources */,
				4826B63E1F386D3C00DC0AB4 /* Frameworks */,
				4826B63F1F386D3C00DC0AB4 /* Resources */,
			);
			buildRules = (
			);
			dependencies = (
			);
			name = CollegeTexues;
			productName = CollegeTexues;
			productReference = 4826B6411F386D3C00DC0AB4 /* CollegeTexues.app */;
			productType = "com.apple.product-type.application";
		};
/* End PBXNativeTarget section */

/* Begin PBXProject section */
		4826B6391F386D3C00DC0AB4 /* Project object */ = {
			isa = PBXProject;
			attributes = {
				LastUpgradeCheck = 0830;
				ORGANIZATIONNAME = "袁建国";
				TargetAttributes = {
					4826B6401F386D3C00DC0AB4 = {
						CreatedOnToolsVersion = 8.3.3;
						DevelopmentTeam = 46R4FP4Q3J;
						ProvisioningStyle = Automatic;
					};
				};
			};
			buildConfigurationList = 4826B63C1F386D3C00DC0AB4 /* Build configuration list for PBXProject "CollegeTexues" */;
			compatibilityVersion = "Xcode 3.2";
			developmentRegion = English;
			hasScannedForEncodings = 0;
			knownRegions = (
				en,
				Base,
			);
			mainGroup = 4826B6381F386D3C00DC0AB4;
			productRefGroup = 4826B6421F386D3C00DC0AB4 /* Products */;
			projectDirPath = "";
			projectRoot = "";
			targets = (
				4826B6401F386D3C00DC0AB4 /* CollegeTexues */,
			);
		};
/* End PBXProject section */

/* Begin PBXResourcesBuildPhase section */
		4826B63F1F386D3C00DC0AB4 /* Resources */ = {
			isa = PBXResourcesBuildPhase;
			buildActionMask = 2147483647;
			files = (
				B08791771F5E519400FFD920 /* guanbi@2x.png in Resources */,
				B08791781F5E519400FFD920 /* guanbi@3x.png in Resources */,
				4826B6541F386D3C00DC0AB4 /* LaunchScreen.storyboard in Resources */,
				4826B6511F386D3C00DC0AB4 /* Assets.xcassets in Resources */,
				4826B64F1F386D3C00DC0AB4 /* Main.storyboard in Resources */,
			);
			runOnlyForDeploymentPostprocessing = 0;
		};
/* End PBXResourcesBuildPhase section */

/* Begin PBXSourcesBuildPhase section */
		4826B63D1F386D3C00DC0AB4 /* Sources */ = {
			isa = PBXSourcesBuildPhase;
			buildActionMask = 2147483647;
			files = (
				48291C2D1F4C3C06000F216F /* SFYJViewCell.m in Sources */,
				4826B64C1F386D3C00DC0AB4 /* ViewController.m in Sources */,
				48291C231F4C1EAB000F216F /* SFYJTagsView.m in Sources */,
				4826B6491F386D3C00DC0AB4 /* AppDelegate.m in Sources */,
				4826B6461F386D3C00DC0AB4 /* main.m in Sources */,
				48291C271F4C26A2000F216F /* UICollectionViewLeftAlignedLayout.m in Sources */,
			);
			runOnlyForDeploymentPostprocessing = 0;
		};
/* End PBXSourcesBuildPhase section */

/* Begin PBXVariantGroup section */
		4826B64D1F386D3C00DC0AB4 /* Main.storyboard */ = {
			isa = PBXVariantGroup;
			children = (
				4826B64E1F386D3C00DC0AB4 /* Base */,
			);
			name = Main.storyboard;
			sourceTree = "<group>";
		};
		4826B6521F386D3C00DC0AB4 /* LaunchScreen.storyboard */ = {
			isa = PBXVariantGroup;
			children = (
				4826B6531F386D3C00DC0AB4 /* Base */,
			);
			name = LaunchScreen.storyboard;
			sourceTree = "<group>";
		};
/* End PBXVariantGroup section */

/* Begin XCBuildConfiguration section */
		4826B6561F386D3C00DC0AB4 /* Debug */ = {
			isa = XCBuildConfiguration;
			buildSettings = {
				ALWAYS_SEARCH_USER_PATHS = NO;
				CLANG_ANALYZER_NONNULL = YES;
				CLANG_ANALYZER_NUMBER_OBJECT_CONVERSION = YES_AGGRESSIVE;
				CLANG_CXX_LANGUAGE_STANDARD = "gnu++0x";
				CLANG_CXX_LIBRARY = "libc++";
				CLANG_ENABLE_MODULES = YES;
				CLANG_ENABLE_OBJC_ARC = YES;
				CLANG_WARN_BOOL_CONVERSION = YES;
				CLANG_WARN_CONSTANT_CONVERSION = YES;
				CLANG_WARN_DIRECT_OBJC_ISA_USAGE = YES_ERROR;
				CLANG_WARN_DOCUMENTATION_COMMENTS = YES;
				CLANG_WARN_EMPTY_BODY = YES;
				CLANG_WARN_ENUM_CONVERSION = YES;
				CLANG_WARN_INFINITE_RECURSION = YES;
				CLANG_WARN_INT_CONVERSION = YES;
				CLANG_WARN_OBJC_ROOT_CLASS = YES_ERROR;
				CLANG_WARN_SUSPICIOUS_MOVE = YES;
				CLANG_WARN_UNREACHABLE_CODE = YES;
				CLANG_WARN__DUPLICATE_METHOD_MATCH = YES;
				"CODE_SIGN_IDENTITY[sdk=iphoneos*]" = "iPhone Developer";
				COPY_PHASE_STRIP = NO;
				DEBUG_INFORMATION_FORMAT = dwarf;
				ENABLE_STRICT_OBJC_MSGSEND = YES;
				ENABLE_TESTABILITY = YES;
				GCC_C_LANGUAGE_STANDARD = gnu99;
				GCC_DYNAMIC_NO_PIC = NO;
				GCC_NO_COMMON_BLOCKS = YES;
				GCC_OPTIMIZATION_LEVEL = 0;
				GCC_PREPROCESSOR_DEFINITIONS = (
					"DEBUG=1",
					"$(inherited)",
				);
				GCC_WARN_64_TO_32_BIT_CONVERSION = YES;
				GCC_WARN_ABOUT_RETURN_TYPE = YES_ERROR;
				GCC_WARN_UNDECLARED_SELECTOR = YES;
				GCC_WARN_UNINITIALIZED_AUTOS = YES_AGGRESSIVE;
				GCC_WARN_UNUSED_FUNCTION = YES;
				GCC_WARN_UNUSED_VARIABLE = YES;
				IPHONEOS_DEPLOYMENT_TARGET = 10.3;
				MTL_ENABLE_DEBUG_INFO = YES;
				ONLY_ACTIVE_ARCH = YES;
				SDKROOT = iphoneos;
				TARGETED_DEVICE_FAMILY = "1,2";
			};
			name = Debug;
		};
		4826B6571F386D3C00DC0AB4 /* Release */ = {
			isa = XCBuildConfiguration;
			buildSettings = {
				ALWAYS_SEARCH_USER_PATHS = NO;
				CLANG_ANALYZER_NONNULL = YES;
				CLANG_ANALYZER_NUMBER_OBJECT_CONVERSION = YES_AGGRESSIVE;
				CLANG_CXX_LANGUAGE_STANDARD = "gnu++0x";
				CLANG_CXX_LIBRARY = "libc++";
				CLANG_ENABLE_MODULES = YES;
				CLANG_ENABLE_OBJC_ARC = YES;
				CLANG_WARN_BOOL_CONVERSION = YES;
				CLANG_WARN_CONSTANT_CONVERSION = YES;
				CLANG_WARN_DIRECT_OBJC_ISA_USAGE = YES_ERROR;
				CLANG_WARN_DOCUMENTATION_COMMENTS = YES;
				CLANG_WARN_EMPTY_BODY = YES;
				CLANG_WARN_ENUM_CONVERSION = YES;
				CLANG_WARN_INFINITE_RECURSION = YES;
				CLANG_WARN_INT_CONVERSION = YES;
				CLANG_WARN_OBJC_ROOT_CLASS = YES_ERROR;
				CLANG_WARN_SUSPICIOUS_MOVE = YES;
				CLANG_WARN_UNREACHABLE_CODE = YES;
				CLANG_WARN__DUPLICATE_METHOD_MATCH = YES;
				"CODE_SIGN_IDENTITY[sdk=iphoneos*]" = "iPhone Developer";
				COPY_PHASE_STRIP = NO;
				DEBUG_INFORMATION_FORMAT = "dwarf-with-dsym";
				ENABLE_NS_ASSERTIONS = NO;
				ENABLE_STRICT_OBJC_MSGSEND = YES;
				GCC_C_LANGUAGE_STANDARD = gnu99;
				GCC_NO_COMMON_BLOCKS = YES;
				GCC_WARN_64_TO_32_BIT_CONVERSION = YES;
				GCC_WARN_ABOUT_RETURN_TYPE = YES_ERROR;
				GCC_WARN_UNDECLARED_SELECTOR = YES;
				GCC_WARN_UNINITIALIZED_AUTOS = YES_AGGRESSIVE;
				GCC_WARN_UNUSED_FUNCTION = YES;
				GCC_WARN_UNUSED_VARIABLE = YES;
				IPHONEOS_DEPLOYMENT_TARGET = 10.3;
				MTL_ENABLE_DEBUG_INFO = NO;
				SDKROOT = iphoneos;
				TARGETED_DEVICE_FAMILY = "1,2";
				VALIDATE_PRODUCT = YES;
			};
			name = Release;
		};
		4826B6591F386D3C00DC0AB4 /* Debug */ = {
			isa = XCBuildConfiguration;
			buildSettings = {
				ASSETCATALOG_COMPILER_APPICON_NAME = AppIcon;
				DEVELOPMENT_TEAM = 46R4FP4Q3J;
				INFOPLIST_FILE = CollegeTexues/Info.plist;
				LD_RUNPATH_SEARCH_PATHS = "$(inherited) @executable_path/Frameworks";
				PRODUCT_BUNDLE_IDENTIFIER = com.fengyun.CollegeTexues;
				PRODUCT_NAME = "$(TARGET_NAME)";
			};
			name = Debug;
		};
		4826B65A1F386D3C00DC0AB4 /* Release */ = {
			isa = XCBuildConfiguration;
			buildSettings = {
				ASSETCATALOG_COMPILER_APPICON_NAME = AppIcon;
				DEVELOPMENT_TEAM = 46R4FP4Q3J;
				INFOPLIST_FILE = CollegeTexues/Info.plist;
				LD_RUNPATH_SEARCH_PATHS = "$(inherited) @executable_path/Frameworks";
				PRODUCT_BUNDLE_IDENTIFIER = com.fengyun.CollegeTexues;
				PRODUCT_NAME = "$(TARGET_NAME)";
			};
			name = Release;
		};
/* End XCBuildConfiguration section */

/* Begin XCConfigurationList section */
		4826B63C1F386D3C00DC0AB4 /* Build configuration list for PBXProject "CollegeTexues" */ = {
			isa = XCConfigurationList;
			buildConfigurations = (
				4826B6561F386D3C00DC0AB4 /* Debug */,
				4826B6571F386D3C00DC0AB4 /* Release */,
			);
			defaultConfigurationIsVisible = 0;
			defaultConfigurationName = Release;
		};
		4826B6581F386D3C00DC0AB4 /* Build configuration list for PBXNativeTarget "CollegeTexues" */ = {
			isa = XCConfigurationList;
			buildConfigurations = (
				4826B6591F386D3C00DC0AB4 /* Debug */,
				4826B65A1F386D3C00DC0AB4 /* Release */,
			);
			defaultConfigurationIsVisible = 0;
			defaultConfigurationName = Release;
		};
/* End XCConfigurationList section */
	};
	rootObject = 4826B6391F386D3C00DC0AB4 /* Project object */;
}
